
Microsoft Visual Studio Solution File, Format Version 12.00
# Visual Studio Version 17
VisualStudioVersion = 17.2.32630.192
MinimumVisualStudioVersion = 10.0.40219.1
Project("{FAE04EC0-301F-11D3-BF4B-00C04F79EFBC}") = "AdoTask5", "AdoTask5\AdoTask5.csproj", "{16B4D969-9208-4A86-868D-B91CDC801AE3}"
EndProject
Global
	GlobalSection(SolutionConfigurationPlatforms) = preSolution
		Debug|Any CPU = Debug|Any CPU
		Release|Any CPU = Release|Any CPU
	EndGlobalSection
	GlobalSection(ProjectConfigurationPlatforms) = postSolution
		{16B4D969-9208-4A86-868D-B91CDC801AE3}.Debug|Any CPU.ActiveCfg = Debug|Any CPU
		{16B4D969-9208-4A86-868D-B91CDC801AE3}.Debug|Any CPU.Build.0 = Debug|Any CPU
		{16B4D969-9208-4A86-868D-B91CDC801AE3}.Release|Any CPU.ActiveCfg = Release|Any CPU
		{16B4D969-9208-4A86-868D-B91CDC801AE3}.Release|Any CPU.Build.0 = Release|Any CPU
	EndGlobalSection
	GlobalSection(SolutionProperties) = preSolution
		HideSolutionNode = FALSE
	EndGlobalSection
	GlobalSection(ExtensibilityGlobals) = postSolution
		SolutionGuid = {04F747DA-BB02-4E04-9F2B-F82E19FA5890}
	EndGlobalSection
EndGlobal
